// !$*UTF8*$!
{
	archiveVersion = 1;
	classes = {
	};
	objectVersion = 56;
	objects = {

/* Begin PBXBuildFile section */
		53A16FF22AFA528500FAF49A /* Allergen.swift in Sources */ = {isa = PBXBuildFile; fileRef = 53A16FF12AFA528500FAF49A /* Allergen.swift */; };
		830ED7082AF3BFE200D80556 /* SkinsenseApp.swift in Sources */ = {isa = PBXBuildFile; fileRef = 830ED7072AF3BFE200D80556 /* SkinsenseApp.swift */; };
		830ED70A2AF3BFE200D80556 /* PersonalizationView.swift in Sources */ = {isa = PBXBuildFile; fileRef = 830ED7092AF3BFE200D80556 /* PersonalizationView.swift */; };
		830ED70C2AF3BFE400D80556 /* Assets.xcassets in Resources */ = {isa = PBXBuildFile; fileRef = 830ED70B2AF3BFE400D80556 /* Assets.xcassets */; };
		830ED70F2AF3BFE400D80556 /* Preview Assets.xcassets in Resources */ = {isa = PBXBuildFile; fileRef = 830ED70E2AF3BFE400D80556 /* Preview Assets.xcassets */; };
		835D1C202AFA3EE700B9E8E1 /* CustomButton.swift in Sources */ = {isa = PBXBuildFile; fileRef = 835D1C1F2AFA3EE700B9E8E1 /* CustomButton.swift */; };
		835D1C232AFA3EF400B9E8E1 /* Colors.swift in Sources */ = {isa = PBXBuildFile; fileRef = 835D1C222AFA3EF400B9E8E1 /* Colors.swift */; };
		835D1C252AFA46E200B9E8E1 /* CustomCheckbox.swift in Sources */ = {isa = PBXBuildFile; fileRef = 835D1C242AFA46E200B9E8E1 /* CustomCheckbox.swift */; };
		835D1C282AFA4BBC00B9E8E1 /* WrappingHStack in Frameworks */ = {isa = PBXBuildFile; productRef = 835D1C272AFA4BBC00B9E8E1 /* WrappingHStack */; };
		835D1C2A2AFA4C6E00B9E8E1 /* SkinType.swift in Sources */ = {isa = PBXBuildFile; fileRef = 835D1C292AFA4C6E00B9E8E1 /* SkinType.swift */; };
		835D1C2C2AFA4CA500B9E8E1 /* SkinConcern.swift in Sources */ = {isa = PBXBuildFile; fileRef = 835D1C2B2AFA4CA500B9E8E1 /* SkinConcern.swift */; };
		835D1C2E2AFA6F5100B9E8E1 /* PersonalizationViewModel.swift in Sources */ = {isa = PBXBuildFile; fileRef = 835D1C2D2AFA6F5100B9E8E1 /* PersonalizationViewModel.swift */; };
		835D1C392AFB80F900B9E8E1 /* MainView.swift in Sources */ = {isa = PBXBuildFile; fileRef = 835D1C382AFB80F900B9E8E1 /* MainView.swift */; };
		835D1C3C2AFB87DB00B9E8E1 /* ScanTabView.swift in Sources */ = {isa = PBXBuildFile; fileRef = 835D1C3B2AFB87DB00B9E8E1 /* ScanTabView.swift */; };
		835D1C3E2AFB8E9B00B9E8E1 /* NavigationItem.swift in Sources */ = {isa = PBXBuildFile; fileRef = 835D1C3D2AFB8E9B00B9E8E1 /* NavigationItem.swift */; };
		835D1C402AFB90CB00B9E8E1 /* ScanTabViewModel.swift in Sources */ = {isa = PBXBuildFile; fileRef = 835D1C3F2AFB90CB00B9E8E1 /* ScanTabViewModel.swift */; };
		835D1C422AFB91A800B9E8E1 /* ProfileTabView.swift in Sources */ = {isa = PBXBuildFile; fileRef = 835D1C412AFB91A800B9E8E1 /* ProfileTabView.swift */; };
		835D1C452AFB9E9500B9E8E1 /* ProfileTabViewModel.swift in Sources */ = {isa = PBXBuildFile; fileRef = 835D1C442AFB9E9500B9E8E1 /* ProfileTabViewModel.swift */; };
		835D1C472AFCCD7000B9E8E1 /* ScanData.swift in Sources */ = {isa = PBXBuildFile; fileRef = 835D1C462AFCCD7000B9E8E1 /* ScanData.swift */; };
		835D1C4A2AFCD13000B9E8E1 /* ScannerView.swift in Sources */ = {isa = PBXBuildFile; fileRef = 835D1C492AFCD13000B9E8E1 /* ScannerView.swift */; };
		835D1C4E2AFCD63B00B9E8E1 /* TextRecognizer.swift in Sources */ = {isa = PBXBuildFile; fileRef = 835D1C4D2AFCD63B00B9E8E1 /* TextRecognizer.swift */; };
/* End PBXBuildFile section */

/* Begin PBXFileReference section */
		53A16FF12AFA528500FAF49A /* Allergen.swift */ = {isa = PBXFileReference; lastKnownFileType = sourcecode.swift; path = Allergen.swift; sourceTree = "<group>"; };
		830ED7042AF3BFE200D80556 /* Skinsense.app */ = {isa = PBXFileReference; explicitFileType = wrapper.application; includeInIndex = 0; path = Skinsense.app; sourceTree = BUILT_PRODUCTS_DIR; };
		830ED7072AF3BFE200D80556 /* SkinsenseApp.swift */ = {isa = PBXFileReference; lastKnownFileType = sourcecode.swift; path = SkinsenseApp.swift; sourceTree = "<group>"; };
		830ED7092AF3BFE200D80556 /* PersonalizationView.swift */ = {isa = PBXFileReference; lastKnownFileType = sourcecode.swift; path = PersonalizationView.swift; sourceTree = "<group>"; };
		830ED70B2AF3BFE400D80556 /* Assets.xcassets */ = {isa = PBXFileReference; lastKnownFileType = folder.assetcatalog; path = Assets.xcassets; sourceTree = "<group>"; };
		830ED70E2AF3BFE400D80556 /* Preview Assets.xcassets */ = {isa = PBXFileReference; lastKnownFileType = folder.assetcatalog; path = "Preview Assets.xcassets"; sourceTree = "<group>"; };
		835D1C1F2AFA3EE700B9E8E1 /* CustomButton.swift */ = {isa = PBXFileReference; lastKnownFileType = sourcecode.swift; path = CustomButton.swift; sourceTree = "<group>"; };
		835D1C222AFA3EF400B9E8E1 /* Colors.swift */ = {isa = PBXFileReference; lastKnownFileType = sourcecode.swift; path = Colors.swift; sourceTree = "<group>"; };
		835D1C242AFA46E200B9E8E1 /* CustomCheckbox.swift */ = {isa = PBXFileReference; lastKnownFileType = sourcecode.swift; path = CustomCheckbox.swift; sourceTree = "<group>"; };
		835D1C292AFA4C6E00B9E8E1 /* SkinType.swift */ = {isa = PBXFileReference; lastKnownFileType = sourcecode.swift; path = SkinType.swift; sourceTree = "<group>"; };
		835D1C2B2AFA4CA500B9E8E1 /* SkinConcern.swift */ = {isa = PBXFileReference; lastKnownFileType = sourcecode.swift; path = SkinConcern.swift; sourceTree = "<group>"; };
		835D1C2D2AFA6F5100B9E8E1 /* PersonalizationViewModel.swift */ = {isa = PBXFileReference; lastKnownFileType = sourcecode.swift; path = PersonalizationViewModel.swift; sourceTree = "<group>"; };
		835D1C382AFB80F900B9E8E1 /* MainView.swift */ = {isa = PBXFileReference; lastKnownFileType = sourcecode.swift; path = MainView.swift; sourceTree = "<group>"; };
		835D1C3B2AFB87DB00B9E8E1 /* ScanTabView.swift */ = {isa = PBXFileReference; lastKnownFileType = sourcecode.swift; path = ScanTabView.swift; sourceTree = "<group>"; };
		835D1C3D2AFB8E9B00B9E8E1 /* NavigationItem.swift */ = {isa = PBXFileReference; lastKnownFileType = sourcecode.swift; path = NavigationItem.swift; sourceTree = "<group>"; };
		835D1C3F2AFB90CB00B9E8E1 /* ScanTabViewModel.swift */ = {isa = PBXFileReference; lastKnownFileType = sourcecode.swift; path = ScanTabViewModel.swift; sourceTree = "<group>"; };
		835D1C412AFB91A800B9E8E1 /* ProfileTabView.swift */ = {isa = PBXFileReference; lastKnownFileType = sourcecode.swift; path = ProfileTabView.swift; sourceTree = "<group>"; };
		835D1C432AFB9C0900B9E8E1 /* Skinsense.entitlements */ = {isa = PBXFileReference; lastKnownFileType = text.plist.entitlements; path = Skinsense.entitlements; sourceTree = "<group>"; };
		835D1C442AFB9E9500B9E8E1 /* ProfileTabViewModel.swift */ = {isa = PBXFileReference; lastKnownFileType = sourcecode.swift; path = ProfileTabViewModel.swift; sourceTree = "<group>"; };
		835D1C462AFCCD7000B9E8E1 /* ScanData.swift */ = {isa = PBXFileReference; lastKnownFileType = sourcecode.swift; path = ScanData.swift; sourceTree = "<group>"; };
		835D1C492AFCD13000B9E8E1 /* ScannerView.swift */ = {isa = PBXFileReference; lastKnownFileType = sourcecode.swift; path = ScannerView.swift; sourceTree = "<group>"; };
		835D1C4D2AFCD63B00B9E8E1 /* TextRecognizer.swift */ = {isa = PBXFileReference; lastKnownFileType = sourcecode.swift; path = TextRecognizer.swift; sourceTree = "<group>"; };
/* End PBXFileReference section */

/* Begin PBXFrameworksBuildPhase section */
		830ED7012AF3BFE200D80556 /* Frameworks */ = {
			isa = PBXFrameworksBuildPhase;
			buildActionMask = 2147483647;
			files = (
				835D1C282AFA4BBC00B9E8E1 /* WrappingHStack in Frameworks */,
			);
			runOnlyForDeploymentPostprocessing = 0;
		};
/* End PBXFrameworksBuildPhase section */

/* Begin PBXGroup section */
		830ED6FB2AF3BFE200D80556 = {
			isa = PBXGroup;
			children = (
				830ED7062AF3BFE200D80556 /* Skinsense */,
				830ED7052AF3BFE200D80556 /* Products */,
			);
			sourceTree = "<group>";
		};
		830ED7052AF3BFE200D80556 /* Products */ = {
			isa = PBXGroup;
			children = (
				830ED7042AF3BFE200D80556 /* Skinsense.app */,
			);
			name = Products;
			sourceTree = "<group>";
		};
		830ED7062AF3BFE200D80556 /* Skinsense */ = {
			isa = PBXGroup;
			children = (
				835D1C432AFB9C0900B9E8E1 /* Skinsense.entitlements */,
				835D1C322AFA703C00B9E8E1 /* Resources */,
				835D1C312AFA702E00B9E8E1 /* SupportingFiles */,
				835D1C2F2AFA6FEC00B9E8E1 /* Code */,
				830ED70D2AF3BFE400D80556 /* Preview Content */,
			);
			path = Skinsense;
			sourceTree = "<group>";
		};
		830ED70D2AF3BFE400D80556 /* Preview Content */ = {
			isa = PBXGroup;
			children = (
				830ED70E2AF3BFE400D80556 /* Preview Assets.xcassets */,
			);
			path = "Preview Content";
			sourceTree = "<group>";
		};
		835D1C1B2AFA34E500B9E8E1 /* Models */ = {
			isa = PBXGroup;
			children = (
				835D1C292AFA4C6E00B9E8E1 /* SkinType.swift */,
				835D1C2B2AFA4CA500B9E8E1 /* SkinConcern.swift */,
				53A16FF12AFA528500FAF49A /* Allergen.swift */,
				835D1C3D2AFB8E9B00B9E8E1 /* NavigationItem.swift */,
				835D1C462AFCCD7000B9E8E1 /* ScanData.swift */,
			);
			path = Models;
			sourceTree = "<group>";
		};
		835D1C1C2AFA34EC00B9E8E1 /* Views */ = {
			isa = PBXGroup;
			children = (
				835D1C482AFCD11C00B9E8E1 /* Scanner */,
				835D1C372AFB80D100B9E8E1 /* Personalization */,
				835D1C362AFB7F9000B9E8E1 /* MainView */,
			);
			path = Views;
			sourceTree = "<group>";
		};
		835D1C1D2AFA34F100B9E8E1 /* ViewModels */ = {
			isa = PBXGroup;
			children = (
				835D1C2D2AFA6F5100B9E8E1 /* PersonalizationViewModel.swift */,
				835D1C3F2AFB90CB00B9E8E1 /* ScanTabViewModel.swift */,
				835D1C442AFB9E9500B9E8E1 /* ProfileTabViewModel.swift */,
			);
			path = ViewModels;
			sourceTree = "<group>";
		};
		835D1C1E2AFA3EC800B9E8E1 /* Components */ = {
			isa = PBXGroup;
			children = (
				835D1C1F2AFA3EE700B9E8E1 /* CustomButton.swift */,
				835D1C242AFA46E200B9E8E1 /* CustomCheckbox.swift */,
			);
			path = Components;
			sourceTree = "<group>";
		};
		835D1C212AFA3EEC00B9E8E1 /* Utils */ = {
			isa = PBXGroup;
			children = (
				835D1C222AFA3EF400B9E8E1 /* Colors.swift */,
				835D1C4D2AFCD63B00B9E8E1 /* TextRecognizer.swift */,
			);
			path = Utils;
			sourceTree = "<group>";
		};
		835D1C2F2AFA6FEC00B9E8E1 /* Code */ = {
			isa = PBXGroup;
			children = (
				835D1C352AFA706E00B9E8E1 /* Data */,
				835D1C342AFA706A00B9E8E1 /* Domain */,
				835D1C212AFA3EEC00B9E8E1 /* Utils */,
				835D1C302AFA6FFB00B9E8E1 /* Presentation */,
			);
			path = Code;
			sourceTree = "<group>";
		};
		835D1C302AFA6FFB00B9E8E1 /* Presentation */ = {
			isa = PBXGroup;
			children = (
				835D1C1E2AFA3EC800B9E8E1 /* Components */,
				835D1C1D2AFA34F100B9E8E1 /* ViewModels */,
				835D1C1C2AFA34EC00B9E8E1 /* Views */,
			);
			path = Presentation;
			sourceTree = "<group>";
		};
		835D1C312AFA702E00B9E8E1 /* SupportingFiles */ = {
			isa = PBXGroup;
			children = (
				830ED7072AF3BFE200D80556 /* SkinsenseApp.swift */,
			);
			path = SupportingFiles;
			sourceTree = "<group>";
		};
		835D1C322AFA703C00B9E8E1 /* Resources */ = {
			isa = PBXGroup;
			children = (
				835D1C332AFA704D00B9E8E1 /* Images */,
			);
			path = Resources;
			sourceTree = "<group>";
		};
		835D1C332AFA704D00B9E8E1 /* Images */ = {
			isa = PBXGroup;
			children = (
				830ED70B2AF3BFE400D80556 /* Assets.xcassets */,
			);
			path = Images;
			sourceTree = "<group>";
		};
		835D1C342AFA706A00B9E8E1 /* Domain */ = {
			isa = PBXGroup;
			children = (
				835D1C1B2AFA34E500B9E8E1 /* Models */,
			);
			path = Domain;
			sourceTree = "<group>";
		};
		835D1C352AFA706E00B9E8E1 /* Data */ = {
			isa = PBXGroup;
			children = (
			);
			path = Data;
			sourceTree = "<group>";
		};
		835D1C362AFB7F9000B9E8E1 /* MainView */ = {
			isa = PBXGroup;
			children = (
				835D1C3A2AFB87A400B9E8E1 /* Tabs */,
				835D1C382AFB80F900B9E8E1 /* MainView.swift */,
			);
			path = MainView;
			sourceTree = "<group>";
		};
		835D1C372AFB80D100B9E8E1 /* Personalization */ = {
			isa = PBXGroup;
			children = (
				830ED7092AF3BFE200D80556 /* PersonalizationView.swift */,
			);
			path = Personalization;
			sourceTree = "<group>";
		};
		835D1C3A2AFB87A400B9E8E1 /* Tabs */ = {
			isa = PBXGroup;
			children = (
				835D1C3B2AFB87DB00B9E8E1 /* ScanTabView.swift */,
				835D1C412AFB91A800B9E8E1 /* ProfileTabView.swift */,
			);
			path = Tabs;
			sourceTree = "<group>";
		};
		835D1C482AFCD11C00B9E8E1 /* Scanner */ = {
			isa = PBXGroup;
			children = (
				835D1C492AFCD13000B9E8E1 /* ScannerView.swift */,
			);
			path = Scanner;
			sourceTree = "<group>";
		};
/* End PBXGroup section */

/* Begin PBXNativeTarget section */
		830ED7032AF3BFE200D80556 /* Skinsense */ = {
			isa = PBXNativeTarget;
			buildConfigurationList = 830ED7122AF3BFE400D80556 /* Build configuration list for PBXNativeTarget "Skinsense" */;
			buildPhases = (
				830ED7002AF3BFE200D80556 /* Sources */,
				830ED7012AF3BFE200D80556 /* Frameworks */,
				830ED7022AF3BFE200D80556 /* Resources */,
			);
			buildRules = (
			);
			dependencies = (
			);
			name = Skinsense;
			packageProductDependencies = (
				835D1C272AFA4BBC00B9E8E1 /* WrappingHStack */,
			);
			productName = Skinsense;
			productReference = 830ED7042AF3BFE200D80556 /* Skinsense.app */;
			productType = "com.apple.product-type.application";
		};
/* End PBXNativeTarget section */

/* Begin PBXProject section */
		830ED6FC2AF3BFE200D80556 /* Project object */ = {
			isa = PBXProject;
			attributes = {
				BuildIndependentTargetsInParallel = 1;
				LastSwiftUpdateCheck = 1500;
				LastUpgradeCheck = 1500;
				TargetAttributes = {
					830ED7032AF3BFE200D80556 = {
						CreatedOnToolsVersion = 15.0;
					};
				};
			};
			buildConfigurationList = 830ED6FF2AF3BFE200D80556 /* Build configuration list for PBXProject "Skinsense" */;
			compatibilityVersion = "Xcode 14.0";
			developmentRegion = en;
			hasScannedForEncodings = 0;
			knownRegions = (
				en,
				Base,
			);
			mainGroup = 830ED6FB2AF3BFE200D80556;
			packageReferences = (
				835D1C262AFA4BBC00B9E8E1 /* XCRemoteSwiftPackageReference "WrappingHStack" */,
			);
			productRefGroup = 830ED7052AF3BFE200D80556 /* Products */;
			projectDirPath = "";
			projectRoot = "";
			targets = (
				830ED7032AF3BFE200D80556 /* Skinsense */,
			);
		};
/* End PBXProject section */

/* Begin PBXResourcesBuildPhase section */
		830ED7022AF3BFE200D80556 /* Resources */ = {
			isa = PBXResourcesBuildPhase;
			buildActionMask = 2147483647;
			files = (
				830ED70F2AF3BFE400D80556 /* Preview Assets.xcassets in Resources */,
				830ED70C2AF3BFE400D80556 /* Assets.xcassets in Resources */,
			);
			runOnlyForDeploymentPostprocessing = 0;
		};
/* End PBXResourcesBuildPhase section */

/* Begin PBXSourcesBuildPhase section */
		830ED7002AF3BFE200D80556 /* Sources */ = {
			isa = PBXSourcesBuildPhase;
			buildActionMask = 2147483647;
			files = (
				835D1C422AFB91A800B9E8E1 /* ProfileTabView.swift in Sources */,
				835D1C2E2AFA6F5100B9E8E1 /* PersonalizationViewModel.swift in Sources */,
				835D1C2A2AFA4C6E00B9E8E1 /* SkinType.swift in Sources */,
				835D1C4A2AFCD13000B9E8E1 /* ScannerView.swift in Sources */,
				830ED70A2AF3BFE200D80556 /* PersonalizationView.swift in Sources */,
				835D1C392AFB80F900B9E8E1 /* MainView.swift in Sources */,
				830ED7082AF3BFE200D80556 /* SkinsenseApp.swift in Sources */,
				835D1C402AFB90CB00B9E8E1 /* ScanTabViewModel.swift in Sources */,
				53A16FF22AFA528500FAF49A /* Allergen.swift in Sources */,
				835D1C472AFCCD7000B9E8E1 /* ScanData.swift in Sources */,
				835D1C3E2AFB8E9B00B9E8E1 /* NavigationItem.swift in Sources */,
				835D1C3C2AFB87DB00B9E8E1 /* ScanTabView.swift in Sources */,
				835D1C252AFA46E200B9E8E1 /* CustomCheckbox.swift in Sources */,
				835D1C202AFA3EE700B9E8E1 /* CustomButton.swift in Sources */,
				835D1C2C2AFA4CA500B9E8E1 /* SkinConcern.swift in Sources */,
				835D1C232AFA3EF400B9E8E1 /* Colors.swift in Sources */,
				835D1C4E2AFCD63B00B9E8E1 /* TextRecognizer.swift in Sources */,
				835D1C452AFB9E9500B9E8E1 /* ProfileTabViewModel.swift in Sources */,
			);
			runOnlyForDeploymentPostprocessing = 0;
		};
/* End PBXSourcesBuildPhase section */

/* Begin XCBuildConfiguration section */
		830ED7102AF3BFE400D80556 /* Debug */ = {
			isa = XCBuildConfiguration;
			buildSettings = {
				ALWAYS_SEARCH_USER_PATHS = NO;
				ASSETCATALOG_COMPILER_GENERATE_SWIFT_ASSET_SYMBOL_EXTENSIONS = YES;
				CLANG_ANALYZER_NONNULL = YES;
				CLANG_ANALYZER_NUMBER_OBJECT_CONVERSION = YES_AGGRESSIVE;
				CLANG_CXX_LANGUAGE_STANDARD = "gnu++20";
				CLANG_ENABLE_MODULES = YES;
				CLANG_ENABLE_OBJC_ARC = YES;
				CLANG_ENABLE_OBJC_WEAK = YES;
				CLANG_WARN_BLOCK_CAPTURE_AUTORELEASING = YES;
				CLANG_WARN_BOOL_CONVERSION = YES;
				CLANG_WARN_COMMA = YES;
				CLANG_WARN_CONSTANT_CONVERSION = YES;
				CLANG_WARN_DEPRECATED_OBJC_IMPLEMENTATIONS = YES;
				CLANG_WARN_DIRECT_OBJC_ISA_USAGE = YES_ERROR;
				CLANG_WARN_DOCUMENTATION_COMMENTS = YES;
				CLANG_WARN_EMPTY_BODY = YES;
				CLANG_WARN_ENUM_CONVERSION = YES;
				CLANG_WARN_INFINITE_RECURSION = YES;
				CLANG_WARN_INT_CONVERSION = YES;
				CLANG_WARN_NON_LITERAL_NULL_CONVERSION = YES;
				CLANG_WARN_OBJC_IMPLICIT_RETAIN_SELF = YES;
				CLANG_WARN_OBJC_LITERAL_CONVERSION = YES;
				CLANG_WARN_OBJC_ROOT_CLASS = YES_ERROR;
				CLANG_WARN_QUOTED_INCLUDE_IN_FRAMEWORK_HEADER = YES;
				CLANG_WARN_RANGE_LOOP_ANALYSIS = YES;
				CLANG_WARN_STRICT_PROTOTYPES = YES;
				CLANG_WARN_SUSPICIOUS_MOVE = YES;
				CLANG_WARN_UNGUARDED_AVAILABILITY = YES_AGGRESSIVE;
				CLANG_WARN_UNREACHABLE_CODE = YES;
				CLANG_WARN__DUPLICATE_METHOD_MATCH = YES;
				COPY_PHASE_STRIP = NO;
				DEBUG_INFORMATION_FORMAT = dwarf;
				ENABLE_STRICT_OBJC_MSGSEND = YES;
				ENABLE_TESTABILITY = YES;
				ENABLE_USER_SCRIPT_SANDBOXING = YES;
				GCC_C_LANGUAGE_STANDARD = gnu17;
				GCC_DYNAMIC_NO_PIC = NO;
				GCC_NO_COMMON_BLOCKS = YES;
				GCC_OPTIMIZATION_LEVEL = 0;
				GCC_PREPROCESSOR_DEFINITIONS = (
					"DEBUG=1",
					"$(inherited)",
				);
				GCC_WARN_64_TO_32_BIT_CONVERSION = YES;
				GCC_WARN_ABOUT_RETURN_TYPE = YES_ERROR;
				GCC_WARN_UNDECLARED_SELECTOR = YES;
				GCC_WARN_UNINITIALIZED_AUTOS = YES_AGGRESSIVE;
				GCC_WARN_UNUSED_FUNCTION = YES;
				GCC_WARN_UNUSED_VARIABLE = YES;
				IPHONEOS_DEPLOYMENT_TARGET = 17.0;
				LOCALIZATION_PREFERS_STRING_CATALOGS = YES;
				MTL_ENABLE_DEBUG_INFO = INCLUDE_SOURCE;
				MTL_FAST_MATH = YES;
				ONLY_ACTIVE_ARCH = YES;
				SDKROOT = iphoneos;
				SWIFT_ACTIVE_COMPILATION_CONDITIONS = "DEBUG $(inherited)";
				SWIFT_OPTIMIZATION_LEVEL = "-Onone";
			};
			name = Debug;
		};
		830ED7112AF3BFE400D80556 /* Release */ = {
			isa = XCBuildConfiguration;
			buildSettings = {
				ALWAYS_SEARCH_USER_PATHS = NO;
				ASSETCATALOG_COMPILER_GENERATE_SWIFT_ASSET_SYMBOL_EXTENSIONS = YES;
				CLANG_ANALYZER_NONNULL = YES;
				CLANG_ANALYZER_NUMBER_OBJECT_CONVERSION = YES_AGGRESSIVE;
				CLANG_CXX_LANGUAGE_STANDARD = "gnu++20";
				CLANG_ENABLE_MODULES = YES;
				CLANG_ENABLE_OBJC_ARC = YES;
				CLANG_ENABLE_OBJC_WEAK = YES;
				CLANG_WARN_BLOCK_CAPTURE_AUTORELEASING = YES;
				CLANG_WARN_BOOL_CONVERSION = YES;
				CLANG_WARN_COMMA = YES;
				CLANG_WARN_CONSTANT_CONVERSION = YES;
				CLANG_WARN_DEPRECATED_OBJC_IMPLEMENTATIONS = YES;
				CLANG_WARN_DIRECT_OBJC_ISA_USAGE = YES_ERROR;
				CLANG_WARN_DOCUMENTATION_COMMENTS = YES;
				CLANG_WARN_EMPTY_BODY = YES;
				CLANG_WARN_ENUM_CONVERSION = YES;
				CLANG_WARN_INFINITE_RECURSION = YES;
				CLANG_WARN_INT_CONVERSION = YES;
				CLANG_WARN_NON_LITERAL_NULL_CONVERSION = YES;
				CLANG_WARN_OBJC_IMPLICIT_RETAIN_SELF = YES;
				CLANG_WARN_OBJC_LITERAL_CONVERSION = YES;
				CLANG_WARN_OBJC_ROOT_CLASS = YES_ERROR;
				CLANG_WARN_QUOTED_INCLUDE_IN_FRAMEWORK_HEADER = YES;
				CLANG_WARN_RANGE_LOOP_ANALYSIS = YES;
				CLANG_WARN_STRICT_PROTOTYPES = YES;
				CLANG_WARN_SUSPICIOUS_MOVE = YES;
				CLANG_WARN_UNGUARDED_AVAILABILITY = YES_AGGRESSIVE;
				CLANG_WARN_UNREACHABLE_CODE = YES;
				CLANG_WARN__DUPLICATE_METHOD_MATCH = YES;
				COPY_PHASE_STRIP = NO;
				DEBUG_INFORMATION_FORMAT = "dwarf-with-dsym";
				ENABLE_NS_ASSERTIONS = NO;
				ENABLE_STRICT_OBJC_MSGSEND = YES;
				ENABLE_USER_SCRIPT_SANDBOXING = YES;
				GCC_C_LANGUAGE_STANDARD = gnu17;
				GCC_NO_COMMON_BLOCKS = YES;
				GCC_WARN_64_TO_32_BIT_CONVERSION = YES;
				GCC_WARN_ABOUT_RETURN_TYPE = YES_ERROR;
				GCC_WARN_UNDECLARED_SELECTOR = YES;
				GCC_WARN_UNINITIALIZED_AUTOS = YES_AGGRESSIVE;
				GCC_WARN_UNUSED_FUNCTION = YES;
				GCC_WARN_UNUSED_VARIABLE = YES;
				IPHONEOS_DEPLOYMENT_TARGET = 17.0;
				LOCALIZATION_PREFERS_STRING_CATALOGS = YES;
				MTL_ENABLE_DEBUG_INFO = NO;
				MTL_FAST_MATH = YES;
				SDKROOT = iphoneos;
				SWIFT_COMPILATION_MODE = wholemodule;
				VALIDATE_PRODUCT = YES;
			};
			name = Release;
		};
		830ED7132AF3BFE400D80556 /* Debug */ = {
			isa = XCBuildConfiguration;
			buildSettings = {
				ASSETCATALOG_COMPILER_APPICON_NAME = AppIcon;
				ASSETCATALOG_COMPILER_GLOBAL_ACCENT_COLOR_NAME = AccentColor;
				CODE_SIGN_ENTITLEMENTS = Skinsense/Skinsense.entitlements;
				CODE_SIGN_STYLE = Automatic;
				CURRENT_PROJECT_VERSION = 1;
				DEVELOPMENT_ASSET_PATHS = "\"Skinsense/Preview Content\"";
				DEVELOPMENT_TEAM = 8B7DH7AN2U;
				ENABLE_PREVIEWS = YES;
				GENERATE_INFOPLIST_FILE = YES;
				INFOPLIST_KEY_NSCameraUsageDescription = "${PRODUCT_NAME} requires camera to scan ingredients";
				INFOPLIST_KEY_UIApplicationSceneManifest_Generation = YES;
				INFOPLIST_KEY_UIApplicationSupportsIndirectInputEvents = YES;
				INFOPLIST_KEY_UILaunchScreen_Generation = YES;
				INFOPLIST_KEY_UISupportedInterfaceOrientations_iPad = "UIInterfaceOrientationPortrait UIInterfaceOrientationPortraitUpsideDown UIInterfaceOrientationLandscapeLeft UIInterfaceOrientationLandscapeRight";
				INFOPLIST_KEY_UISupportedInterfaceOrientations_iPhone = "UIInterfaceOrientationPortrait UIInterfaceOrientationLandscapeLeft UIInterfaceOrientationLandscapeRight";
				LD_RUNPATH_SEARCH_PATHS = (
					"$(inherited)",
					"@executable_path/Frameworks",
				);
				MARKETING_VERSION = 1.0;
				PRODUCT_BUNDLE_IDENTIFIER = com.exacode.Skinsense;
				PRODUCT_NAME = "$(TARGET_NAME)";
				SWIFT_EMIT_LOC_STRINGS = YES;
				SWIFT_VERSION = 5.0;
				TARGETED_DEVICE_FAMILY = "1,2";
			};
			name = Debug;
		};
		830ED7142AF3BFE400D80556 /* Release */ = {
			isa = XCBuildConfiguration;
			buildSettings = {
				ASSETCATALOG_COMPILER_APPICON_NAME = AppIcon;
				ASSETCATALOG_COMPILER_GLOBAL_ACCENT_COLOR_NAME = AccentColor;
				CODE_SIGN_ENTITLEMENTS = Skinsense/Skinsense.entitlements;
				CODE_SIGN_STYLE = Automatic;
				CURRENT_PROJECT_VERSION = 1;
				DEVELOPMENT_ASSET_PATHS = "\"Skinsense/Preview Content\"";
				DEVELOPMENT_TEAM = 8B7DH7AN2U;
				ENABLE_PREVIEWS = YES;
				GENERATE_INFOPLIST_FILE = YES;
				INFOPLIST_KEY_NSCameraUsageDescription = "${PRODUCT_NAME} requires camera to scan ingredients";
				INFOPLIST_KEY_UIApplicationSceneManifest_Generation = YES;
				INFOPLIST_KEY_UIApplicationSupportsIndirectInputEvents = YES;
				INFOPLIST_KEY_UILaunchScreen_Generation = YES;
				INFOPLIST_KEY_UISupportedInterfaceOrientations_iPad = "UIInterfaceOrientationPortrait UIInterfaceOrientationPortraitUpsideDown UIInterfaceOrientationLandscapeLeft UIInterfaceOrientationLandscapeRight";
				INFOPLIST_KEY_UISupportedInterfaceOrientations_iPhone = "UIInterfaceOrientationPortrait UIInterfaceOrientationLandscapeLeft UIInterfaceOrientationLandscapeRight";
				LD_RUNPATH_SEARCH_PATHS = (
					"$(inherited)",
					"@executable_path/Frameworks",
				);
				MARKETING_VERSION = 1.0;
				PRODUCT_BUNDLE_IDENTIFIER = com.exacode.Skinsense;
				PRODUCT_NAME = "$(TARGET_NAME)";
				SWIFT_EMIT_LOC_STRINGS = YES;
				SWIFT_VERSION = 5.0;
				TARGETED_DEVICE_FAMILY = "1,2";
			};
			name = Release;
		};
/* End XCBuildConfiguration section */

/* Begin XCConfigurationList section */
		830ED6FF2AF3BFE200D80556 /* Build configuration list for PBXProject "Skinsense" */ = {
			isa = XCConfigurationList;
			buildConfigurations = (
				830ED7102AF3BFE400D80556 /* Debug */,
				830ED7112AF3BFE400D80556 /* Release */,
			);
			defaultConfigurationIsVisible = 0;
			defaultConfigurationName = Release;
		};
		830ED7122AF3BFE400D80556 /* Build configuration list for PBXNativeTarget "Skinsense" */ = {
			isa = XCConfigurationList;
			buildConfigurations = (
				830ED7132AF3BFE400D80556 /* Debug */,
				830ED7142AF3BFE400D80556 /* Release */,
			);
			defaultConfigurationIsVisible = 0;
			defaultConfigurationName = Release;
		};
/* End XCConfigurationList section */

/* Begin XCRemoteSwiftPackageReference section */
		835D1C262AFA4BBC00B9E8E1 /* XCRemoteSwiftPackageReference "WrappingHStack" */ = {
			isa = XCRemoteSwiftPackageReference;
			repositoryURL = "https://github.com/ksemianov/WrappingHStack";
			requirement = {
				kind = upToNextMajorVersion;
				minimumVersion = 0.2.0;
			};
		};
/* End XCRemoteSwiftPackageReference section */

/* Begin XCSwiftPackageProductDependency section */
		835D1C272AFA4BBC00B9E8E1 /* WrappingHStack */ = {
			isa = XCSwiftPackageProductDependency;
			package = 835D1C262AFA4BBC00B9E8E1 /* XCRemoteSwiftPackageReference "WrappingHStack" */;
			productName = WrappingHStack;
		};
/* End XCSwiftPackageProductDependency section */
	};
	rootObject = 830ED6FC2AF3BFE200D80556 /* Project object */;
}
